
Microsoft Visual Studio Solution File, Format Version 12.00
# Visual Studio Version 16
VisualStudioVersion = 16.0.31624.102
MinimumVisualStudioVersion = 10.0.40219.1
Project("{9A19103F-16F7-4668-BE54-9A1E7A4F7556}") = "lab3 forms", "lab3 forms\lab3 forms.csproj", "{FA4DBEFF-D4D3-476E-AB1F-7D7B6DEF5BEE}"
EndProject
Project("{FAE04EC0-301F-11D3-BF4B-00C04F79EFBC}") = "lab3 formsTests1", "lab3 formsTests1\lab3 formsTests1.csproj", "{44C27304-793B-4D58-A137-1A2F3CE0D951}"
EndProject
Global
	GlobalSection(SolutionConfigurationPlatforms) = preSolution
		Debug|Any CPU = Debug|Any CPU
		Release|Any CPU = Release|Any CPU
	EndGlobalSection
	GlobalSection(ProjectConfigurationPlatforms) = postSolution
		{FA4DBEFF-D4D3-476E-AB1F-7D7B6DEF5BEE}.Debug|Any CPU.ActiveCfg = Debug|Any CPU
		{FA4DBEFF-D4D3-476E-AB1F-7D7B6DEF5BEE}.Debug|Any CPU.Build.0 = Debug|Any CPU
		{FA4DBEFF-D4D3-476E-AB1F-7D7B6DEF5BEE}.Release|Any CPU.ActiveCfg = Release|Any CPU
		{FA4DBEFF-D4D3-476E-AB1F-7D7B6DEF5BEE}.Release|Any CPU.Build.0 = Release|Any CPU
		{44C27304-793B-4D58-A137-1A2F3CE0D951}.Debug|Any CPU.ActiveCfg = Debug|Any CPU
		{44C27304-793B-4D58-A137-1A2F3CE0D951}.Debug|Any CPU.Build.0 = Debug|Any CPU
		{44C27304-793B-4D58-A137-1A2F3CE0D951}.Release|Any CPU.ActiveCfg = Release|Any CPU
		{44C27304-793B-4D58-A137-1A2F3CE0D951}.Release|Any CPU.Build.0 = Release|Any CPU
	EndGlobalSection
	GlobalSection(SolutionProperties) = preSolution
		HideSolutionNode = FALSE
	EndGlobalSection
	GlobalSection(ExtensibilityGlobals) = postSolution
		SolutionGuid = {C24E1645-E0B0-43EA-B1B9-E76617BB80D8}
	EndGlobalSection
EndGlobal
